
Microsoft Visual Studio Solution File, Format Version 12.00
# Visual Studio 15
VisualStudioVersion = 15.0.26124.0
MinimumVisualStudioVersion = 15.0.26124.0
Project("{2150E333-8FDC-42A3-9474-1A3956D46DE8}") = "src", "src", "{D34097C2-EEF1-41F7-AA30-9FA5595B3461}"
EndProject
Project("{FAE04EC0-301F-11D3-BF4B-00C04F79EFBC}") = "FootballScores.Api", "src\FootballScores.Api\FootballScores.Api.csproj", "{E5BDBFE6-8868-43B5-823C-14957E666E60}"
EndProject
Global
	GlobalSection(SolutionConfigurationPlatforms) = preSolution
		Debug|Any CPU = Debug|Any CPU
		Debug|x64 = Debug|x64
		Debug|x86 = Debug|x86
		Release|Any CPU = Release|Any CPU
		Release|x64 = Release|x64
		Release|x86 = Release|x86
	EndGlobalSection
	GlobalSection(SolutionProperties) = preSolution
		HideSolutionNode = FALSE
	EndGlobalSection
	GlobalSection(ProjectConfigurationPlatforms) = postSolution
		{E5BDBFE6-8868-43B5-823C-14957E666E60}.Debug|Any CPU.ActiveCfg = Debug|Any CPU
		{E5BDBFE6-8868-43B5-823C-14957E666E60}.Debug|Any CPU.Build.0 = Debug|Any CPU
		{E5BDBFE6-8868-43B5-823C-14957E666E60}.Debug|x64.ActiveCfg = Debug|x64
		{E5BDBFE6-8868-43B5-823C-14957E666E60}.Debug|x64.Build.0 = Debug|x64
		{E5BDBFE6-8868-43B5-823C-14957E666E60}.Debug|x86.ActiveCfg = Debug|x86
		{E5BDBFE6-8868-43B5-823C-14957E666E60}.Debug|x86.Build.0 = Debug|x86
		{E5BDBFE6-8868-43B5-823C-14957E666E60}.Release|Any CPU.ActiveCfg = Release|Any CPU
		{E5BDBFE6-8868-43B5-823C-14957E666E60}.Release|Any CPU.Build.0 = Release|Any CPU
		{E5BDBFE6-8868-43B5-823C-14957E666E60}.Release|x64.ActiveCfg = Release|x64
		{E5BDBFE6-8868-43B5-823C-14957E666E60}.Release|x64.Build.0 = Release|x64
		{E5BDBFE6-8868-43B5-823C-14957E666E60}.Release|x86.ActiveCfg = Release|x86
		{E5BDBFE6-8868-43B5-823C-14957E666E60}.Release|x86.Build.0 = Release|x86
	EndGlobalSection
	GlobalSection(NestedProjects) = preSolution
		{E5BDBFE6-8868-43B5-823C-14957E666E60} = {D34097C2-EEF1-41F7-AA30-9FA5595B3461}
	EndGlobalSection
EndGlobal
